
Microsoft Visual Studio Solution File, Format Version 12.00
# Visual Studio Version 17
VisualStudioVersion = 17.14.36310.24 d17.14
MinimumVisualStudioVersion = 10.0.40219.1
Project("{FAE04EC0-301F-11D3-BF4B-00C04F79EFBC}") = "ServiceOrder", "ServiceOrder\ServiceOrder.csproj", "{EF791E14-C4F8-466D-814F-8D32690838AD}"
EndProject
Global
	GlobalSection(SolutionConfigurationPlatforms) = preSolution
		Debug|Any CPU = Debug|Any CPU
		Release|Any CPU = Release|Any CPU
	EndGlobalSection
	GlobalSection(ProjectConfigurationPlatforms) = postSolution
		{EF791E14-C4F8-466D-814F-8D32690838AD}.Debug|Any CPU.ActiveCfg = Debug|Any CPU
		{EF791E14-C4F8-466D-814F-8D32690838AD}.Debug|Any CPU.Build.0 = Debug|Any CPU
		{EF791E14-C4F8-466D-814F-8D32690838AD}.Release|Any CPU.ActiveCfg = Release|Any CPU
		{EF791E14-C4F8-466D-814F-8D32690838AD}.Release|Any CPU.Build.0 = Release|Any CPU
	EndGlobalSection
	GlobalSection(SolutionProperties) = preSolution
		HideSolutionNode = FALSE
	EndGlobalSection
	GlobalSection(ExtensibilityGlobals) = postSolution
		SolutionGuid = {86EE1114-926C-4874-8410-1F67EB44BD57}
	EndGlobalSection
EndGlobal
